
Microsoft Visual Studio Solution File, Format Version 12.00
# Visual Studio Version 17
VisualStudioVersion = 17.2.32616.157
MinimumVisualStudioVersion = 10.0.40219.1
Project("{9A19103F-16F7-4668-BE54-9A1E7A4F7556}") = "DevOpsHistory", "AzureApiTest\DevOpsHistory.csproj", "{119AF4E2-95D0-4A80-A2ED-258D908D518A}"
EndProject
Project("{9A19103F-16F7-4668-BE54-9A1E7A4F7556}") = "CommonLib", "CommonLib\CommonLib.csproj", "{69B8CF34-B8C3-4CC2-896A-0ADA327D80E5}"
EndProject
Global
	GlobalSection(SolutionConfigurationPlatforms) = preSolution
		Debug|Any CPU = Debug|Any CPU
		Release|Any CPU = Release|Any CPU
	EndGlobalSection
	GlobalSection(ProjectConfigurationPlatforms) = postSolution
		{119AF4E2-95D0-4A80-A2ED-258D908D518A}.Debug|Any CPU.ActiveCfg = Debug|Any CPU
		{119AF4E2-95D0-4A80-A2ED-258D908D518A}.Debug|Any CPU.Build.0 = Debug|Any CPU
		{119AF4E2-95D0-4A80-A2ED-258D908D518A}.Release|Any CPU.ActiveCfg = Release|Any CPU
		{119AF4E2-95D0-4A80-A2ED-258D908D518A}.Release|Any CPU.Build.0 = Release|Any CPU
		{69B8CF34-B8C3-4CC2-896A-0ADA327D80E5}.Debug|Any CPU.ActiveCfg = Debug|Any CPU
		{69B8CF34-B8C3-4CC2-896A-0ADA327D80E5}.Debug|Any CPU.Build.0 = Debug|Any CPU
		{69B8CF34-B8C3-4CC2-896A-0ADA327D80E5}.Release|Any CPU.ActiveCfg = Release|Any CPU
		{69B8CF34-B8C3-4CC2-896A-0ADA327D80E5}.Release|Any CPU.Build.0 = Release|Any CPU
	EndGlobalSection
	GlobalSection(SolutionProperties) = preSolution
		HideSolutionNode = FALSE
	EndGlobalSection
	GlobalSection(ExtensibilityGlobals) = postSolution
		SolutionGuid = {53C383EF-3912-437E-9890-42FEB13BF2D9}
	EndGlobalSection
EndGlobal
